
Microsoft Visual Studio Solution File, Format Version 12.00
# Visual Studio Version 17
VisualStudioVersion = 17.6.33815.320
MinimumVisualStudioVersion = 10.0.40219.1
Project("{FAE04EC0-301F-11D3-BF4B-00C04F79EFBC}") = "TodoServicesJWTAPI", "TodoServicesJWTAPI\TodoServicesJWTAPI.csproj", "{259CD2D4-626D-4AD7-8D7D-211261B5834B}"
EndProject
Global
	GlobalSection(SolutionConfigurationPlatforms) = preSolution
		Debug|Any CPU = Debug|Any CPU
		Release|Any CPU = Release|Any CPU
	EndGlobalSection
	GlobalSection(ProjectConfigurationPlatforms) = postSolution
		{259CD2D4-626D-4AD7-8D7D-211261B5834B}.Debug|Any CPU.ActiveCfg = Debug|Any CPU
		{259CD2D4-626D-4AD7-8D7D-211261B5834B}.Debug|Any CPU.Build.0 = Debug|Any CPU
		{259CD2D4-626D-4AD7-8D7D-211261B5834B}.Release|Any CPU.ActiveCfg = Release|Any CPU
		{259CD2D4-626D-4AD7-8D7D-211261B5834B}.Release|Any CPU.Build.0 = Release|Any CPU
	EndGlobalSection
	GlobalSection(SolutionProperties) = preSolution
		HideSolutionNode = FALSE
	EndGlobalSection
	GlobalSection(ExtensibilityGlobals) = postSolution
		SolutionGuid = {73C2D7CE-5AAF-4367-B96B-D4ECAD802A71}
	EndGlobalSection
EndGlobal
